convert:
  cmd: python -m spacy run convert
  script:
    - python scripts/convert.py en assets/tech_topic_training.jsonl corpus/train.spacy
    - python scripts/convert.py en assets/tech_topic_eval.jsonl corpus/dev.spacy
  deps:
    - path: assets/tech_topic_training.jsonl
      md5: 34cd4249c9dea679e3e06277279e67f6
    - path: assets/tech_topic_eval.jsonl
      md5: 78cb5077e450c50c1bee01aff423570e
    - path: scripts/convert.py
      md5: 81a27c7679f32363bca9cbcd12a366d7
  outs:
    - path: corpus/train.spacy
      md5: 13fda4fdb98476a98c6f93460ac6bf2e
    - path: corpus/dev.spacy
      md5: 4b8e0e633593d0b2ab3833e64185d3f1
  spacy_version: 3.0.5
  spacy_git_version: 53a3b967a
train:
  cmd: python -m spacy run train
  script:
    - python -m spacy train configs/config.cfg --output training/ --paths.train corpus/train.spacy
      --paths.dev corpus/dev.spacy --nlp.lang en --gpu-id -1
  deps:
    - path: configs/config.cfg
      md5: a816f3124515782349856290f1d7f384
    - path: corpus/train.spacy
      md5: 13fda4fdb98476a98c6f93460ac6bf2e
    - path: corpus/dev.spacy
      md5: 4b8e0e633593d0b2ab3833e64185d3f1
  outs:
    - path: training/model-best
      md5: e51725f4c5895c23407d1876504547d4
  spacy_version: 3.0.5
  spacy_git_version: 53a3b967a
evaluate:
  cmd: python -m spacy run evaluate
  script:
    - python -m spacy evaluate training/model-best corpus/dev.spacy --output training/metrics.json
  deps:
    - path: corpus/dev.spacy
      md5: 4b8e0e633593d0b2ab3833e64185d3f1
    - path: training/model-best
      md5: e51725f4c5895c23407d1876504547d4
  outs:
    - path: training/metrics.json
      md5: 0143439bf09aa1b4521b122bc1fc595d
  spacy_version: 3.0.5
  spacy_git_version: 53a3b967a
package:
  cmd: python -m spacy run package
  script:
    - python -m spacy package training/model-best packages --name tech_topic_model
      --version 0.0.0 --force
  deps:
    - path: training/model-best
      md5: e51725f4c5895c23407d1876504547d4
  outs:
    - path: packages/en_tech_topic_model-0.0.0/dist/en_tech_topic_model-0.0.0.tar.gz
      md5: 904c8494fbda6615fa58d48c073e6489
  spacy_version: 3.0.5
  spacy_git_version: 53a3b967a
